
Microsoft Visual Studio Solution File, Format Version 12.00
# Visual Studio Version 16
VisualStudioVersion = 16.0.29609.76
MinimumVisualStudioVersion = 10.0.40219.1
Project("{FAE04EC0-301F-11D3-BF4B-00C04F79EFBC}") = "Xamarin.Calculator.UWP", "Xamarin.Calculator\Xamarin.Calculator.UWP\Xamarin.Calculator.UWP.csproj", "{893A6BEF-F281-4738-A94D-2444C3F18FC6}"
EndProject
Project("{FAE04EC0-301F-11D3-BF4B-00C04F79EFBC}") = "Xamarin.Calculator.Android", "Xamarin.Calculator\Xamarin.Calculator.Android\Xamarin.Calculator.Android.csproj", "{9DAC03DB-C42C-4354-B33D-65FFC79FBCD4}"
EndProject
Project("{FAE04EC0-301F-11D3-BF4B-00C04F79EFBC}") = "Xamarin.Calculator.iOS", "Xamarin.Calculator\Xamarin.Calculator.iOS\Xamarin.Calculator.iOS.csproj", "{AD0EFC77-99FB-4540-AF50-2D1683705258}"
EndProject
Project("{FAE04EC0-301F-11D3-BF4B-00C04F79EFBC}") = "Xamarin.Calculator", "Xamarin.Calculator\Xamarin.Calculator\Xamarin.Calculator.csproj", "{2759DFE5-39A1-4739-A6E6-8E5FAF406629}"
EndProject
Global
	GlobalSection(SolutionConfigurationPlatforms) = preSolution
		Debug|Any CPU = Debug|Any CPU
		Debug|ARM = Debug|ARM
		Debug|iPhone = Debug|iPhone
		Debug|iPhoneSimulator = Debug|iPhoneSimulator
		Debug|x64 = Debug|x64
		Debug|x86 = Debug|x86
		Release|Any CPU = Release|Any CPU
		Release|ARM = Release|ARM
		Release|iPhone = Release|iPhone
		Release|iPhoneSimulator = Release|iPhoneSimulator
		Release|x64 = Release|x64
		Release|x86 = Release|x86
	EndGlobalSection
	GlobalSection(ProjectConfigurationPlatforms) = postSolution
		{893A6BEF-F281-4738-A94D-2444C3F18FC6}.Debug|Any CPU.ActiveCfg = Debug|x86
		{893A6BEF-F281-4738-A94D-2444C3F18FC6}.Debug|Any CPU.Build.0 = Debug|x86
		{893A6BEF-F281-4738-A94D-2444C3F18FC6}.Debug|Any CPU.Deploy.0 = Debug|x86
		{893A6BEF-F281-4738-A94D-2444C3F18FC6}.Debug|ARM.ActiveCfg = Debug|ARM
		{893A6BEF-F281-4738-A94D-2444C3F18FC6}.Debug|ARM.Build.0 = Debug|ARM
		{893A6BEF-F281-4738-A94D-2444C3F18FC6}.Debug|ARM.Deploy.0 = Debug|ARM
		{893A6BEF-F281-4738-A94D-2444C3F18FC6}.Debug|iPhone.ActiveCfg = Debug|x86
		{893A6BEF-F281-4738-A94D-2444C3F18FC6}.Debug|iPhone.Build.0 = Debug|x86
		{893A6BEF-F281-4738-A94D-2444C3F18FC6}.Debug|iPhone.Deploy.0 = Debug|x86
		{893A6BEF-F281-4738-A94D-2444C3F18FC6}.Debug|iPhoneSimulator.ActiveCfg = Debug|x86
		{893A6BEF-F281-4738-A94D-2444C3F18FC6}.Debug|iPhoneSimulator.Build.0 = Debug|x86
		{893A6BEF-F281-4738-A94D-2444C3F18FC6}.Debug|iPhoneSimulator.Deploy.0 = Debug|x86
		{893A6BEF-F281-4738-A94D-2444C3F18FC6}.Debug|x64.ActiveCfg = Debug|x64
		{893A6BEF-F281-4738-A94D-2444C3F18FC6}.Debug|x64.Build.0 = Debug|x64
		{893A6BEF-F281-4738-A94D-2444C3F18FC6}.Debug|x64.Deploy.0 = Debug|x64
		{893A6BEF-F281-4738-A94D-2444C3F18FC6}.Debug|x86.ActiveCfg = Debug|x86
		{893A6BEF-F281-4738-A94D-2444C3F18FC6}.Debug|x86.Build.0 = Debug|x86
		{893A6BEF-F281-4738-A94D-2444C3F18FC6}.Debug|x86.Deploy.0 = Debug|x86
		{893A6BEF-F281-4738-A94D-2444C3F18FC6}.Release|Any CPU.ActiveCfg = Release|x86
		{893A6BEF-F281-4738-A94D-2444C3F18FC6}.Release|Any CPU.Build.0 = Release|x86
		{893A6BEF-F281-4738-A94D-2444C3F18FC6}.Release|Any CPU.Deploy.0 = Release|x86
		{893A6BEF-F281-4738-A94D-2444C3F18FC6}.Release|ARM.ActiveCfg = Release|ARM
		{893A6BEF-F281-4738-A94D-2444C3F18FC6}.Release|ARM.Build.0 = Release|ARM
		{893A6BEF-F281-4738-A94D-2444C3F18FC6}.Release|ARM.Deploy.0 = Release|ARM
		{893A6BEF-F281-4738-A94D-2444C3F18FC6}.Release|iPhone.ActiveCfg = Release|x86
		{893A6BEF-F281-4738-A94D-2444C3F18FC6}.Release|iPhone.Build.0 = Release|x86
		{893A6BEF-F281-4738-A94D-2444C3F18FC6}.Release|iPhone.Deploy.0 = Release|x86
		{893A6BEF-F281-4738-A94D-2444C3F18FC6}.Release|iPhoneSimulator.ActiveCfg = Release|x86
		{893A6BEF-F281-4738-A94D-2444C3F18FC6}.Release|iPhoneSimulator.Build.0 = Release|x86
		{893A6BEF-F281-4738-A94D-2444C3F18FC6}.Release|iPhoneSimulator.Deploy.0 = Release|x86
		{893A6BEF-F281-4738-A94D-2444C3F18FC6}.Release|x64.ActiveCfg = Release|x64
		{893A6BEF-F281-4738-A94D-2444C3F18FC6}.Release|x64.Build.0 = Release|x64
		{893A6BEF-F281-4738-A94D-2444C3F18FC6}.Release|x64.Deploy.0 = Release|x64
		{893A6BEF-F281-4738-A94D-2444C3F18FC6}.Release|x86.ActiveCfg = Release|x86
		{893A6BEF-F281-4738-A94D-2444C3F18FC6}.Release|x86.Build.0 = Release|x86
		{893A6BEF-F281-4738-A94D-2444C3F18FC6}.Release|x86.Deploy.0 = Release|x86
		{9DAC03DB-C42C-4354-B33D-65FFC79FBCD4}.Debug|Any CPU.ActiveCfg = Debug|Any CPU
		{9DAC03DB-C42C-4354-B33D-65FFC79FBCD4}.Debug|Any CPU.Build.0 = Debug|Any CPU
		{9DAC03DB-C42C-4354-B33D-65FFC79FBCD4}.Debug|Any CPU.Deploy.0 = Debug|Any CPU
		{9DAC03DB-C42C-4354-B33D-65FFC79FBCD4}.Debug|ARM.ActiveCfg = Debug|Any CPU
		{9DAC03DB-C42C-4354-B33D-65FFC79FBCD4}.Debug|ARM.Build.0 = Debug|Any CPU
		{9DAC03DB-C42C-4354-B33D-65FFC79FBCD4}.Debug|ARM.Deploy.0 = Debug|Any CPU
		{9DAC03DB-C42C-4354-B33D-65FFC79FBCD4}.Debug|iPhone.ActiveCfg = Debug|Any CPU
		{9DAC03DB-C42C-4354-B33D-65FFC79FBCD4}.Debug|iPhone.Build.0 = Debug|Any CPU
		{9DAC03DB-C42C-4354-B33D-65FFC79FBCD4}.Debug|iPhone.Deploy.0 = Debug|Any CPU
		{9DAC03DB-C42C-4354-B33D-65FFC79FBCD4}.Debug|iPhoneSimulator.ActiveCfg = Debug|Any CPU
		{9DAC03DB-C42C-4354-B33D-65FFC79FBCD4}.Debug|iPhoneSimulator.Build.0 = Debug|Any CPU
		{9DAC03DB-C42C-4354-B33D-65FFC79FBCD4}.Debug|iPhoneSimulator.Deploy.0 = Debug|Any CPU
		{9DAC03DB-C42C-4354-B33D-65FFC79FBCD4}.Debug|x64.ActiveCfg = Debug|Any CPU
		{9DAC03DB-C42C-4354-B33D-65FFC79FBCD4}.Debug|x64.Build.0 = Debug|Any CPU
		{9DAC03DB-C42C-4354-B33D-65FFC79FBCD4}.Debug|x64.Deploy.0 = Debug|Any CPU
		{9DAC03DB-C42C-4354-B33D-65FFC79FBCD4}.Debug|x86.ActiveCfg = Debug|Any CPU
		{9DAC03DB-C42C-4354-B33D-65FFC79FBCD4}.Debug|x86.Build.0 = Debug|Any CPU
		{9DAC03DB-C42C-4354-B33D-65FFC79FBCD4}.Debug|x86.Deploy.0 = Debug|Any CPU
		{9DAC03DB-C42C-4354-B33D-65FFC79FBCD4}.Release|Any CPU.ActiveCfg = Release|Any CPU
		{9DAC03DB-C42C-4354-B33D-65FFC79FBCD4}.Release|Any CPU.Build.0 = Release|Any CPU
		{9DAC03DB-C42C-4354-B33D-65FFC79FBCD4}.Release|Any CPU.Deploy.0 = Release|Any CPU
		{9DAC03DB-C42C-4354-B33D-65FFC79FBCD4}.Release|ARM.ActiveCfg = Release|Any CPU
		{9DAC03DB-C42C-4354-B33D-65FFC79FBCD4}.Release|ARM.Build.0 = Release|Any CPU
		{9DAC03DB-C42C-4354-B33D-65FFC79FBCD4}.Release|ARM.Deploy.0 = Release|Any CPU
		{9DAC03DB-C42C-4354-B33D-65FFC79FBCD4}.Release|iPhone.ActiveCfg = Release|Any CPU
		{9DAC03DB-C42C-4354-B33D-65FFC79FBCD4}.Release|iPhone.Build.0 = Release|Any CPU
		{9DAC03DB-C42C-4354-B33D-65FFC79FBCD4}.Release|iPhone.Deploy.0 = Release|Any CPU
		{9DAC03DB-C42C-4354-B33D-65FFC79FBCD4}.Release|iPhoneSimulator.ActiveCfg = Release|Any CPU
		{9DAC03DB-C42C-4354-B33D-65FFC79FBCD4}.Release|iPhoneSimulator.Build.0 = Release|Any CPU
		{9DAC03DB-C42C-4354-B33D-65FFC79FBCD4}.Release|iPhoneSimulator.Deploy.0 = Release|Any CPU
		{9DAC03DB-C42C-4354-B33D-65FFC79FBCD4}.Release|x64.ActiveCfg = Release|Any CPU
		{9DAC03DB-C42C-4354-B33D-65FFC79FBCD4}.Release|x64.Build.0 = Release|Any CPU
		{9DAC03DB-C42C-4354-B33D-65FFC79FBCD4}.Release|x64.Deploy.0 = Release|Any CPU
		{9DAC03DB-C42C-4354-B33D-65FFC79FBCD4}.Release|x86.ActiveCfg = Release|Any CPU
		{9DAC03DB-C42C-4354-B33D-65FFC79FBCD4}.Release|x86.Build.0 = Release|Any CPU
		{9DAC03DB-C42C-4354-B33D-65FFC79FBCD4}.Release|x86.Deploy.0 = Release|Any CPU
		{AD0EFC77-99FB-4540-AF50-2D1683705258}.Debug|Any CPU.ActiveCfg = Debug|iPhone
		{AD0EFC77-99FB-4540-AF50-2D1683705258}.Debug|Any CPU.Build.0 = Debug|iPhone
		{AD0EFC77-99FB-4540-AF50-2D1683705258}.Debug|Any CPU.Deploy.0 = Debug|iPhone
		{AD0EFC77-99FB-4540-AF50-2D1683705258}.Debug|ARM.ActiveCfg = Debug|iPhoneSimulator
		{AD0EFC77-99FB-4540-AF50-2D1683705258}.Debug|ARM.Build.0 = Debug|iPhoneSimulator
		{AD0EFC77-99FB-4540-AF50-2D1683705258}.Debug|ARM.Deploy.0 = Debug|iPhoneSimulator
		{AD0EFC77-99FB-4540-AF50-2D1683705258}.Debug|iPhone.ActiveCfg = Debug|iPhone
		{AD0EFC77-99FB-4540-AF50-2D1683705258}.Debug|iPhone.Build.0 = Debug|iPhone
		{AD0EFC77-99FB-4540-AF50-2D1683705258}.Debug|iPhone.Deploy.0 = Debug|iPhone
		{AD0EFC77-99FB-4540-AF50-2D1683705258}.Debug|iPhoneSimulator.ActiveCfg = Debug|iPhoneSimulator
		{AD0EFC77-99FB-4540-AF50-2D1683705258}.Debug|iPhoneSimulator.Build.0 = Debug|iPhoneSimulator
		{AD0EFC77-99FB-4540-AF50-2D1683705258}.Debug|iPhoneSimulator.Deploy.0 = Debug|iPhoneSimulator
		{AD0EFC77-99FB-4540-AF50-2D1683705258}.Debug|x64.ActiveCfg = Debug|iPhone
		{AD0EFC77-99FB-4540-AF50-2D1683705258}.Debug|x64.Build.0 = Debug|iPhone
		{AD0EFC77-99FB-4540-AF50-2D1683705258}.Debug|x64.Deploy.0 = Debug|iPhone
		{AD0EFC77-99FB-4540-AF50-2D1683705258}.Debug|x86.ActiveCfg = Debug|iPhone
		{AD0EFC77-99FB-4540-AF50-2D1683705258}.Debug|x86.Build.0 = Debug|iPhone
		{AD0EFC77-99FB-4540-AF50-2D1683705258}.Debug|x86.Deploy.0 = Debug|iPhone
		{AD0EFC77-99FB-4540-AF50-2D1683705258}.Release|Any CPU.ActiveCfg = Release|iPhone
		{AD0EFC77-99FB-4540-AF50-2D1683705258}.Release|Any CPU.Build.0 = Release|iPhone
		{AD0EFC77-99FB-4540-AF50-2D1683705258}.Release|Any CPU.Deploy.0 = Release|iPhone
		{AD0EFC77-99FB-4540-AF50-2D1683705258}.Release|ARM.ActiveCfg = Release|iPhone
		{AD0EFC77-99FB-4540-AF50-2D1683705258}.Release|ARM.Build.0 = Release|iPhone
		{AD0EFC77-99FB-4540-AF50-2D1683705258}.Release|ARM.Deploy.0 = Release|iPhone
		{AD0EFC77-99FB-4540-AF50-2D1683705258}.Release|iPhone.ActiveCfg = Release|iPhone
		{AD0EFC77-99FB-4540-AF50-2D1683705258}.Release|iPhone.Build.0 = Release|iPhone
		{AD0EFC77-99FB-4540-AF50-2D1683705258}.Release|iPhone.Deploy.0 = Release|iPhone
		{AD0EFC77-99FB-4540-AF50-2D1683705258}.Release|iPhoneSimulator.ActiveCfg = Release|iPhoneSimulator
		{AD0EFC77-99FB-4540-AF50-2D1683705258}.Release|iPhoneSimulator.Build.0 = Release|iPhoneSimulator
		{AD0EFC77-99FB-4540-AF50-2D1683705258}.Release|iPhoneSimulator.Deploy.0 = Release|iPhoneSimulator
		{AD0EFC77-99FB-4540-AF50-2D1683705258}.Release|x64.ActiveCfg = Release|iPhone
		{AD0EFC77-99FB-4540-AF50-2D1683705258}.Release|x64.Build.0 = Release|iPhone
		{AD0EFC77-99FB-4540-AF50-2D1683705258}.Release|x64.Deploy.0 = Release|iPhone
		{AD0EFC77-99FB-4540-AF50-2D1683705258}.Release|x86.ActiveCfg = Release|iPhone
		{AD0EFC77-99FB-4540-AF50-2D1683705258}.Release|x86.Build.0 = Release|iPhone
		{AD0EFC77-99FB-4540-AF50-2D1683705258}.Release|x86.Deploy.0 = Release|iPhone
		{2759DFE5-39A1-4739-A6E6-8E5FAF406629}.Debug|Any CPU.ActiveCfg = Debug|Any CPU
		{2759DFE5-39A1-4739-A6E6-8E5FAF406629}.Debug|Any CPU.Build.0 = Debug|Any CPU
		{2759DFE5-39A1-4739-A6E6-8E5FAF406629}.Debug|Any CPU.Deploy.0 = Debug|Any CPU
		{2759DFE5-39A1-4739-A6E6-8E5FAF406629}.Debug|ARM.ActiveCfg = Debug|Any CPU
		{2759DFE5-39A1-4739-A6E6-8E5FAF406629}.Debug|ARM.Build.0 = Debug|Any CPU
		{2759DFE5-39A1-4739-A6E6-8E5FAF406629}.Debug|ARM.Deploy.0 = Debug|Any CPU
		{2759DFE5-39A1-4739-A6E6-8E5FAF406629}.Debug|iPhone.ActiveCfg = Debug|Any CPU
		{2759DFE5-39A1-4739-A6E6-8E5FAF406629}.Debug|iPhone.Build.0 = Debug|Any CPU
		{2759DFE5-39A1-4739-A6E6-8E5FAF406629}.Debug|iPhone.Deploy.0 = Debug|Any CPU
		{2759DFE5-39A1-4739-A6E6-8E5FAF406629}.Debug|iPhoneSimulator.ActiveCfg = Debug|Any CPU
		{2759DFE5-39A1-4739-A6E6-8E5FAF406629}.Debug|iPhoneSimulator.Build.0 = Debug|Any CPU
		{2759DFE5-39A1-4739-A6E6-8E5FAF406629}.Debug|iPhoneSimulator.Deploy.0 = Debug|Any CPU
		{2759DFE5-39A1-4739-A6E6-8E5FAF406629}.Debug|x64.ActiveCfg = Debug|Any CPU
		{2759DFE5-39A1-4739-A6E6-8E5FAF406629}.Debug|x64.Build.0 = Debug|Any CPU
		{2759DFE5-39A1-4739-A6E6-8E5FAF406629}.Debug|x64.Deploy.0 = Debug|Any CPU
		{2759DFE5-39A1-4739-A6E6-8E5FAF406629}.Debug|x86.ActiveCfg = Debug|Any CPU
		{2759DFE5-39A1-4739-A6E6-8E5FAF406629}.Debug|x86.Build.0 = Debug|Any CPU
		{2759DFE5-39A1-4739-A6E6-8E5FAF406629}.Debug|x86.Deploy.0 = Debug|Any CPU
		{2759DFE5-39A1-4739-A6E6-8E5FAF406629}.Release|Any CPU.ActiveCfg = Release|Any CPU
		{2759DFE5-39A1-4739-A6E6-8E5FAF406629}.Release|Any CPU.Build.0 = Release|Any CPU
		{2759DFE5-39A1-4739-A6E6-8E5FAF406629}.Release|Any CPU.Deploy.0 = Release|Any CPU
		{2759DFE5-39A1-4739-A6E6-8E5FAF406629}.Release|ARM.ActiveCfg = Release|Any CPU
		{2759DFE5-39A1-4739-A6E6-8E5FAF406629}.Release|ARM.Build.0 = Release|Any CPU
		{2759DFE5-39A1-4739-A6E6-8E5FAF406629}.Release|ARM.Deploy.0 = Release|Any CPU
		{2759DFE5-39A1-4739-A6E6-8E5FAF406629}.Release|iPhone.ActiveCfg = Release|Any CPU
		{2759DFE5-39A1-4739-A6E6-8E5FAF406629}.Release|iPhone.Build.0 = Release|Any CPU
		{2759DFE5-39A1-4739-A6E6-8E5FAF406629}.Release|iPhone.Deploy.0 = Release|Any CPU
		{2759DFE5-39A1-4739-A6E6-8E5FAF406629}.Release|iPhoneSimulator.ActiveCfg = Release|Any CPU
		{2759DFE5-39A1-4739-A6E6-8E5FAF406629}.Release|iPhoneSimulator.Build.0 = Release|Any CPU
		{2759DFE5-39A1-4739-A6E6-8E5FAF406629}.Release|iPhoneSimulator.Deploy.0 = Release|Any CPU
		{2759DFE5-39A1-4739-A6E6-8E5FAF406629}.Release|x64.ActiveCfg = Release|Any CPU
		{2759DFE5-39A1-4739-A6E6-8E5FAF406629}.Release|x64.Build.0 = Release|Any CPU
		{2759DFE5-39A1-4739-A6E6-8E5FAF406629}.Release|x64.Deploy.0 = Release|Any CPU
		{2759DFE5-39A1-4739-A6E6-8E5FAF406629}.Release|x86.ActiveCfg = Release|Any CPU
		{2759DFE5-39A1-4739-A6E6-8E5FAF406629}.Release|x86.Build.0 = Release|Any CPU
		{2759DFE5-39A1-4739-A6E6-8E5FAF406629}.Release|x86.Deploy.0 = Release|Any CPU
	EndGlobalSection
	GlobalSection(SolutionProperties) = preSolution
		HideSolutionNode = FALSE
	EndGlobalSection
	GlobalSection(ExtensibilityGlobals) = postSolution
		SolutionGuid = {453D78C6-ECC8-43F2-BFD3-AEC60FA1E5BF}
	EndGlobalSection
EndGlobal
